
Microsoft Visual Studio Solution File, Format Version 12.00
# Visual Studio Version 16
VisualStudioVersion = 16.0.28803.202
MinimumVisualStudioVersion = 10.0.40219.1
Project("{9A19103F-16F7-4668-BE54-9A1E7A4F7556}") = "PiCast", "PiCast\PiCast.csproj", "{BDB68EDB-AAFD-41F2-A9BD-C7CDD80900AA}"
EndProject
Project("{E53339B2-1760-4266-BCC7-CA923CBCF16C}") = "docker-compose", "docker-compose.dcproj", "{C00D30C4-A37C-4E29-B6B1-3CBE426189B9}"
EndProject
Global
	GlobalSection(SolutionConfigurationPlatforms) = preSolution
		Debug|Any CPU = Debug|Any CPU
		Release|Any CPU = Release|Any CPU
	EndGlobalSection
	GlobalSection(ProjectConfigurationPlatforms) = postSolution
		{BDB68EDB-AAFD-41F2-A9BD-C7CDD80900AA}.Debug|Any CPU.ActiveCfg = Debug|Any CPU
		{BDB68EDB-AAFD-41F2-A9BD-C7CDD80900AA}.Debug|Any CPU.Build.0 = Debug|Any CPU
		{BDB68EDB-AAFD-41F2-A9BD-C7CDD80900AA}.Release|Any CPU.ActiveCfg = Release|Any CPU
		{BDB68EDB-AAFD-41F2-A9BD-C7CDD80900AA}.Release|Any CPU.Build.0 = Release|Any CPU
		{C00D30C4-A37C-4E29-B6B1-3CBE426189B9}.Debug|Any CPU.ActiveCfg = Debug|Any CPU
		{C00D30C4-A37C-4E29-B6B1-3CBE426189B9}.Debug|Any CPU.Build.0 = Debug|Any CPU
		{C00D30C4-A37C-4E29-B6B1-3CBE426189B9}.Release|Any CPU.ActiveCfg = Release|Any CPU
		{C00D30C4-A37C-4E29-B6B1-3CBE426189B9}.Release|Any CPU.Build.0 = Release|Any CPU
	EndGlobalSection
	GlobalSection(SolutionProperties) = preSolution
		HideSolutionNode = FALSE
	EndGlobalSection
	GlobalSection(ExtensibilityGlobals) = postSolution
		SolutionGuid = {651A820C-CD35-495B-8B91-9904D43FFA6F}
	EndGlobalSection
EndGlobal
